// !$*UTF8*$!
{
	archiveVersion = 1;
	classes = {
	};
	objectVersion = 50;
	objects = {

/* Begin PBXBuildFile section */
		CD07228B250AA0D700E9B6ED /* AppDelegate.swift in Sources */ = {isa = PBXBuildFile; fileRef = CD07228A250AA0D700E9B6ED /* AppDelegate.swift */; };
		CD07228D250AA0D700E9B6ED /* SceneDelegate.swift in Sources */ = {isa = PBXBuildFile; fileRef = CD07228C250AA0D700E9B6ED /* SceneDelegate.swift */; };
		CD07228F250AA0D700E9B6ED /* ViewController.swift in Sources */ = {isa = PBXBuildFile; fileRef = CD07228E250AA0D700E9B6ED /* ViewController.swift */; };
		CD072292250AA0D700E9B6ED /* Main.storyboard in Resources */ = {isa = PBXBuildFile; fileRef = CD072290250AA0D700E9B6ED /* Main.storyboard */; };
		CD072294250AA0E800E9B6ED /* Assets.xcassets in Resources */ = {isa = PBXBuildFile; fileRef = CD072293250AA0E800E9B6ED /* Assets.xcassets */; };
		CD072297250AA0E800E9B6ED /* LaunchScreen.storyboard in Resources */ = {isa = PBXBuildFile; fileRef = CD072295250AA0E800E9B6ED /* LaunchScreen.storyboard */; };
		CD0722A5250AA1D800E9B6ED /* Articulo.swift in Sources */ = {isa = PBXBuildFile; fileRef = CD0722A4250AA1D800E9B6ED /* Articulo.swift */; };
		CD0722A7250AA25900E9B6ED /* WebService.swift in Sources */ = {isa = PBXBuildFile; fileRef = CD0722A6250AA25900E9B6ED /* WebService.swift */; };
		CD0722A9250AA53600E9B6ED /* ArticleListViewModel.swift in Sources */ = {isa = PBXBuildFile; fileRef = CD0722A8250AA53600E9B6ED /* ArticleListViewModel.swift */; };
		CD0722AB250AAD3000E9B6ED /* TableViewCell.swift in Sources */ = {isa = PBXBuildFile; fileRef = CD0722AA250AAD3000E9B6ED /* TableViewCell.swift */; };
/* End PBXBuildFile section */

/* Begin PBXFileReference section */
		CD072287250AA0D700E9B6ED /* ejemploMVVM.app */ = {isa = PBXFileReference; explicitFileType = wrapper.application; includeInIndex = 0; path = ejemploMVVM.app; sourceTree = BUILT_PRODUCTS_DIR; };
		CD07228A250AA0D700E9B6ED /* AppDelegate.swift */ = {isa = PBXFileReference; lastKnownFileType = sourcecode.swift; path = AppDelegate.swift; sourceTree = "<group>"; };
		CD07228C250AA0D700E9B6ED /* SceneDelegate.swift */ = {isa = PBXFileReference; lastKnownFileType = sourcecode.swift; path = SceneDelegate.swift; sourceTree = "<group>"; };
		CD07228E250AA0D700E9B6ED /* ViewController.swift */ = {isa = PBXFileReference; lastKnownFileType = sourcecode.swift; path = ViewController.swift; sourceTree = "<group>"; };
		CD072291250AA0D700E9B6ED /* Base */ = {isa = PBXFileReference; lastKnownFileType = file.storyboard; name = Base; path = Base.lproj/Main.storyboard; sourceTree = "<group>"; };
		CD072293250AA0E800E9B6ED /* Assets.xcassets */ = {isa = PBXFileReference; lastKnownFileType = folder.assetcatalog; path = Assets.xcassets; sourceTree = "<group>"; };
		CD072296250AA0E800E9B6ED /* Base */ = {isa = PBXFileReference; lastKnownFileType = file.storyboard; name = Base; path = Base.lproj/LaunchScreen.storyboard; sourceTree = "<group>"; };
		CD072298250AA0E800E9B6ED /* Info.plist */ = {isa = PBXFileReference; lastKnownFileType = text.plist.xml; path = Info.plist; sourceTree = "<group>"; };
		CD0722A4250AA1D800E9B6ED /* Articulo.swift */ = {isa = PBXFileReference; lastKnownFileType = sourcecode.swift; path = Articulo.swift; sourceTree = "<group>"; };
		CD0722A6250AA25900E9B6ED /* WebService.swift */ = {isa = PBXFileReference; lastKnownFileType = sourcecode.swift; path = WebService.swift; sourceTree = "<group>"; };
		CD0722A8250AA53600E9B6ED /* ArticleListViewModel.swift */ = {isa = PBXFileReference; lastKnownFileType = sourcecode.swift; path = ArticleListViewModel.swift; sourceTree = "<group>"; };
		CD0722AA250AAD3000E9B6ED /* TableViewCell.swift */ = {isa = PBXFileReference; lastKnownFileType = sourcecode.swift; path = TableViewCell.swift; sourceTree = "<group>"; };
/* End PBXFileReference section */

/* Begin PBXFrameworksBuildPhase section */
		CD072284250AA0D700E9B6ED /* Frameworks */ = {
			isa = PBXFrameworksBuildPhase;
			buildActionMask = 2147483647;
			files = (
			);
			runOnlyForDeploymentPostprocessing = 0;
		};
/* End PBXFrameworksBuildPhase section */

/* Begin PBXGroup section */
		CD07227E250AA0D700E9B6ED = {
			isa = PBXGroup;
			children = (
				CD072289250AA0D700E9B6ED /* ejemploMVVM */,
				CD072288250AA0D700E9B6ED /* Products */,
			);
			sourceTree = "<group>";
		};
		CD072288250AA0D700E9B6ED /* Products */ = {
			isa = PBXGroup;
			children = (
				CD072287250AA0D700E9B6ED /* ejemploMVVM.app */,
			);
			name = Products;
			sourceTree = "<group>";
		};
		CD072289250AA0D700E9B6ED /* ejemploMVVM */ = {
			isa = PBXGroup;
			children = (
				CD0722A3250AA17800E9B6ED /* Models */,
				CD0722A2250AA16D00E9B6ED /* Views */,
				CD0722A0250AA13A00E9B6ED /* View Models */,
				CD07229E250AA11900E9B6ED /* Controllers */,
				CD07228A250AA0D700E9B6ED /* AppDelegate.swift */,
				CD07228C250AA0D700E9B6ED /* SceneDelegate.swift */,
				CD072290250AA0D700E9B6ED /* Main.storyboard */,
				CD072293250AA0E800E9B6ED /* Assets.xcassets */,
				CD072295250AA0E800E9B6ED /* LaunchScreen.storyboard */,
				CD072298250AA0E800E9B6ED /* Info.plist */,
			);
			path = ejemploMVVM;
			sourceTree = "<group>";
		};
		CD07229E250AA11900E9B6ED /* Controllers */ = {
			isa = PBXGroup;
			children = (
				CD07228E250AA0D700E9B6ED /* ViewController.swift */,
			);
			name = Controllers;
			sourceTree = "<group>";
		};
		CD0722A0250AA13A00E9B6ED /* View Models */ = {
			isa = PBXGroup;
			children = (
				CD0722A8250AA53600E9B6ED /* ArticleListViewModel.swift */,
			);
			name = "View Models";
			sourceTree = "<group>";
		};
		CD0722A2250AA16D00E9B6ED /* Views */ = {
			isa = PBXGroup;
			children = (
				CD0722AA250AAD3000E9B6ED /* TableViewCell.swift */,
			);
			path = Views;
			sourceTree = "<group>";
		};
		CD0722A3250AA17800E9B6ED /* Models */ = {
			isa = PBXGroup;
			children = (
				CD0722A4250AA1D800E9B6ED /* Articulo.swift */,
				CD0722A6250AA25900E9B6ED /* WebService.swift */,
			);
			path = Models;
			sourceTree = "<group>";
		};
/* End PBXGroup section */

/* Begin PBXNativeTarget section */
		CD072286250AA0D700E9B6ED /* ejemploMVVM */ = {
			isa = PBXNativeTarget;
			buildConfigurationList = CD07229B250AA0E800E9B6ED /* Build configuration list for PBXNativeTarget "ejemploMVVM" */;
			buildPhases = (
				CD072283250AA0D700E9B6ED /* Sources */,
				CD072284250AA0D700E9B6ED /* Frameworks */,
				CD072285250AA0D700E9B6ED /* Resources */,
			);
			buildRules = (
			);
			dependencies = (
			);
			name = ejemploMVVM;
			productName = ejemploMVVM;
			productReference = CD072287250AA0D700E9B6ED /* ejemploMVVM.app */;
			productType = "com.apple.product-type.application";
		};
/* End PBXNativeTarget section */

/* Begin PBXProject section */
		CD07227F250AA0D700E9B6ED /* Project object */ = {
			isa = PBXProject;
			attributes = {
				LastSwiftUpdateCheck = 1170;
				LastUpgradeCheck = 1170;
				ORGANIZATIONNAME = "Salvador Lopez";
				TargetAttributes = {
					CD072286250AA0D700E9B6ED = {
						CreatedOnToolsVersion = 11.7;
					};
				};
			};
			buildConfigurationList = CD072282250AA0D700E9B6ED /* Build configuration list for PBXProject "ejemploMVVM" */;
			compatibilityVersion = "Xcode 9.3";
			developmentRegion = en;
			hasScannedForEncodings = 0;
			knownRegions = (
				en,
				Base,
			);
			mainGroup = CD07227E250AA0D700E9B6ED;
			productRefGroup = CD072288250AA0D700E9B6ED /* Products */;
			projectDirPath = "";
			projectRoot = "";
			targets = (
				CD072286250AA0D700E9B6ED /* ejemploMVVM */,
			);
		};
/* End PBXProject section */

/* Begin PBXResourcesBuildPhase section */
		CD072285250AA0D700E9B6ED /* Resources */ = {
			isa = PBXResourcesBuildPhase;
			buildActionMask = 2147483647;
			files = (
				CD072297250AA0E800E9B6ED /* LaunchScreen.storyboard in Resources */,
				CD072294250AA0E800E9B6ED /* Assets.xcassets in Resources */,
				CD072292250AA0D700E9B6ED /* Main.storyboard in Resources */,
			);
			runOnlyForDeploymentPostprocessing = 0;
		};
/* End PBXResourcesBuildPhase section */

/* Begin PBXSourcesBuildPhase section */
		CD072283250AA0D700E9B6ED /* Sources */ = {
			isa = PBXSourcesBuildPhase;
			buildActionMask = 2147483647;
			files = (
				CD0722A5250AA1D800E9B6ED /* Articulo.swift in Sources */,
				CD0722A9250AA53600E9B6ED /* ArticleListViewModel.swift in Sources */,
				CD07228F250AA0D700E9B6ED /* ViewController.swift in Sources */,
				CD07228B250AA0D700E9B6ED /* AppDelegate.swift in Sources */,
				CD0722A7250AA25900E9B6ED /* WebService.swift in Sources */,
				CD0722AB250AAD3000E9B6ED /* TableViewCell.swift in Sources */,
				CD07228D250AA0D700E9B6ED /* SceneDelegate.swift in Sources */,
			);
			runOnlyForDeploymentPostprocessing = 0;
		};
/* End PBXSourcesBuildPhase section */

/* Begin PBXVariantGroup section */
		CD072290250AA0D700E9B6ED /* Main.storyboard */ = {
			isa = PBXVariantGroup;
			children = (
				CD072291250AA0D700E9B6ED /* Base */,
			);
			name = Main.storyboard;
			sourceTree = "<group>";
		};
		CD072295250AA0E800E9B6ED /* LaunchScreen.storyboard */ = {
			isa = PBXVariantGroup;
			children = (
				CD072296250AA0E800E9B6ED /* Base */,
			);
			name = LaunchScreen.storyboard;
			sourceTree = "<group>";
		};
/* End PBXVariantGroup section */

/* Begin XCBuildConfiguration section */
		CD072299250AA0E800E9B6ED /* Debug */ = {
			isa = XCBuildConfiguration;
			buildSettings = {
				ALWAYS_SEARCH_USER_PATHS = NO;
				CLANG_ANALYZER_NONNULL = YES;
				CLANG_ANALYZER_NUMBER_OBJECT_CONVERSION = YES_AGGRESSIVE;
				CLANG_CXX_LANGUAGE_STANDARD = "gnu++14";
				CLANG_CXX_LIBRARY = "libc++";
				CLANG_ENABLE_MODULES = YES;
				CLANG_ENABLE_OBJC_ARC = YES;
				CLANG_ENABLE_OBJC_WEAK = YES;
				CLANG_WARN_BLOCK_CAPTURE_AUTORELEASING = YES;
				CLANG_WARN_BOOL_CONVERSION = YES;
				CLANG_WARN_COMMA = YES;
				CLANG_WARN_CONSTANT_CONVERSION = YES;
				CLANG_WARN_DEPRECATED_OBJC_IMPLEMENTATIONS = YES;
				CLANG_WARN_DIRECT_OBJC_ISA_USAGE = YES_ERROR;
				CLANG_WARN_DOCUMENTATION_COMMENTS = YES;
				CLANG_WARN_EMPTY_BODY = YES;
				CLANG_WARN_ENUM_CONVERSION = YES;
				CLANG_WARN_INFINITE_RECURSION = YES;
				CLANG_WARN_INT_CONVERSION = YES;
				CLANG_WARN_NON_LITERAL_NULL_CONVERSION = YES;
				CLANG_WARN_OBJC_IMPLICIT_RETAIN_SELF = YES;
				CLANG_WARN_OBJC_LITERAL_CONVERSION = YES;
				CLANG_WARN_OBJC_ROOT_CLASS = YES_ERROR;
				CLANG_WARN_RANGE_LOOP_ANALYSIS = YES;
				CLANG_WARN_STRICT_PROTOTYPES = YES;
				CLANG_WARN_SUSPICIOUS_MOVE = YES;
				CLANG_WARN_UNGUARDED_AVAILABILITY = YES_AGGRESSIVE;
				CLANG_WARN_UNREACHABLE_CODE = YES;
				CLANG_WARN__DUPLICATE_METHOD_MATCH = YES;
				COPY_PHASE_STRIP = NO;
				DEBUG_INFORMATION_FORMAT = dwarf;
				ENABLE_STRICT_OBJC_MSGSEND = YES;
				ENABLE_TESTABILITY = YES;
				GCC_C_LANGUAGE_STANDARD = gnu11;
				GCC_DYNAMIC_NO_PIC = NO;
				GCC_NO_COMMON_BLOCKS = YES;
				GCC_OPTIMIZATION_LEVEL = 0;
				GCC_PREPROCESSOR_DEFINITIONS = (
					"DEBUG=1",
					"$(inherited)",
				);
				GCC_WARN_64_TO_32_BIT_CONVERSION = YES;
				GCC_WARN_ABOUT_RETURN_TYPE = YES_ERROR;
				GCC_WARN_UNDECLARED_SELECTOR = YES;
				GCC_WARN_UNINITIALIZED_AUTOS = YES_AGGRESSIVE;
				GCC_WARN_UNUSED_FUNCTION = YES;
				GCC_WARN_UNUSED_VARIABLE = YES;
				IPHONEOS_DEPLOYMENT_TARGET = 13.7;
				MTL_ENABLE_DEBUG_INFO = INCLUDE_SOURCE;
				MTL_FAST_MATH = YES;
				ONLY_ACTIVE_ARCH = YES;
				SDKROOT = iphoneos;
				SWIFT_ACTIVE_COMPILATION_CONDITIONS = DEBUG;
				SWIFT_OPTIMIZATION_LEVEL = "-Onone";
			};
			name = Debug;
		};
		CD07229A250AA0E800E9B6ED /* Release */ = {
			isa = XCBuildConfiguration;
			buildSettings = {
				ALWAYS_SEARCH_USER_PATHS = NO;
				CLANG_ANALYZER_NONNULL = YES;
				CLANG_ANALYZER_NUMBER_OBJECT_CONVERSION = YES_AGGRESSIVE;
				CLANG_CXX_LANGUAGE_STANDARD = "gnu++14";
				CLANG_CXX_LIBRARY = "libc++";
				CLANG_ENABLE_MODULES = YES;
				CLANG_ENABLE_OBJC_ARC = YES;
				CLANG_ENABLE_OBJC_WEAK = YES;
				CLANG_WARN_BLOCK_CAPTURE_AUTORELEASING = YES;
				CLANG_WARN_BOOL_CONVERSION = YES;
				CLANG_WARN_COMMA = YES;
				CLANG_WARN_CONSTANT_CONVERSION = YES;
				CLANG_WARN_DEPRECATED_OBJC_IMPLEMENTATIONS = YES;
				CLANG_WARN_DIRECT_OBJC_ISA_USAGE = YES_ERROR;
				CLANG_WARN_DOCUMENTATION_COMMENTS = YES;
				CLANG_WARN_EMPTY_BODY = YES;
				CLANG_WARN_ENUM_CONVERSION = YES;
				CLANG_WARN_INFINITE_RECURSION = YES;
				CLANG_WARN_INT_CONVERSION = YES;
				CLANG_WARN_NON_LITERAL_NULL_CONVERSION = YES;
				CLANG_WARN_OBJC_IMPLICIT_RETAIN_SELF = YES;
				CLANG_WARN_OBJC_LITERAL_CONVERSION = YES;
				CLANG_WARN_OBJC_ROOT_CLASS = YES_ERROR;
				CLANG_WARN_RANGE_LOOP_ANALYSIS = YES;
				CLANG_WARN_STRICT_PROTOTYPES = YES;
				CLANG_WARN_SUSPICIOUS_MOVE = YES;
				CLANG_WARN_UNGUARDED_AVAILABILITY = YES_AGGRESSIVE;
				CLANG_WARN_UNREACHABLE_CODE = YES;
				CLANG_WARN__DUPLICATE_METHOD_MATCH = YES;
				COPY_PHASE_STRIP = NO;
				DEBUG_INFORMATION_FORMAT = "dwarf-with-dsym";
				ENABLE_NS_ASSERTIONS = NO;
				ENABLE_STRICT_OBJC_MSGSEND = YES;
				GCC_C_LANGUAGE_STANDARD = gnu11;
				GCC_NO_COMMON_BLOCKS = YES;
				GCC_WARN_64_TO_32_BIT_CONVERSION = YES;
				GCC_WARN_ABOUT_RETURN_TYPE = YES_ERROR;
				GCC_WARN_UNDECLARED_SELECTOR = YES;
				GCC_WARN_UNINITIALIZED_AUTOS = YES_AGGRESSIVE;
				GCC_WARN_UNUSED_FUNCTION = YES;
				GCC_WARN_UNUSED_VARIABLE = YES;
				IPHONEOS_DEPLOYMENT_TARGET = 13.7;
				MTL_ENABLE_DEBUG_INFO = NO;
				MTL_FAST_MATH = YES;
				SDKROOT = iphoneos;
				SWIFT_COMPILATION_MODE = wholemodule;
				SWIFT_OPTIMIZATION_LEVEL = "-O";
				VALIDATE_PRODUCT = YES;
			};
			name = Release;
		};
		CD07229C250AA0E800E9B6ED /* Debug */ = {
			isa = XCBuildConfiguration;
			buildSettings = {
				ASSETCATALOG_COMPILER_APPICON_NAME = AppIcon;
				CODE_SIGN_STYLE = Automatic;
				DEVELOPMENT_TEAM = FNTB26538C;
				INFOPLIST_FILE = ejemploMVVM/Info.plist;
				LD_RUNPATH_SEARCH_PATHS = (
					"$(inherited)",
					"@executable_path/Frameworks",
				);
				PRODUCT_BUNDLE_IDENTIFIER = com.develogeeks.ejemploMVVM;
				PRODUCT_NAME = "$(TARGET_NAME)";
				SWIFT_VERSION = 5.0;
				TARGETED_DEVICE_FAMILY = "1,2";
			};
			name = Debug;
		};
		CD07229D250AA0E800E9B6ED /* Release */ = {
			isa = XCBuildConfiguration;
			buildSettings = {
				ASSETCATALOG_COMPILER_APPICON_NAME = AppIcon;
				CODE_SIGN_STYLE = Automatic;
				DEVELOPMENT_TEAM = FNTB26538C;
				INFOPLIST_FILE = ejemploMVVM/Info.plist;
				LD_RUNPATH_SEARCH_PATHS = (
					"$(inherited)",
					"@executable_path/Frameworks",
				);
				PRODUCT_BUNDLE_IDENTIFIER = com.develogeeks.ejemploMVVM;
				PRODUCT_NAME = "$(TARGET_NAME)";
				SWIFT_VERSION = 5.0;
				TARGETED_DEVICE_FAMILY = "1,2";
			};
			name = Release;
		};
/* End XCBuildConfiguration section */

/* Begin XCConfigurationList section */
		CD072282250AA0D700E9B6ED /* Build configuration list for PBXProject "ejemploMVVM" */ = {
			isa = XCConfigurationList;
			buildConfigurations = (
				CD072299250AA0E800E9B6ED /* Debug */,
				CD07229A250AA0E800E9B6ED /* Release */,
			);
			defaultConfigurationIsVisible = 0;
			defaultConfigurationName = Release;
		};
		CD07229B250AA0E800E9B6ED /* Build configuration list for PBXNativeTarget "ejemploMVVM" */ = {
			isa = XCConfigurationList;
			buildConfigurations = (
				CD07229C250AA0E800E9B6ED /* Debug */,
				CD07229D250AA0E800E9B6ED /* Release */,
			);
			defaultConfigurationIsVisible = 0;
			defaultConfigurationName = Release;
		};
/* End XCConfigurationList section */
	};
	rootObject = CD07227F250AA0D700E9B6ED /* Project object */;
}
